
Microsoft Visual Studio Solution File, Format Version 12.00
# Visual Studio Version 16
VisualStudioVersion = 16.0.29509.3
MinimumVisualStudioVersion = 10.0.40219.1
Project("{2150E333-8FDC-42A3-9474-1A3956D46DE8}") = "01-Presentacion", "01-Presentacion", "{4AB566F6-7F25-46B4-95E6-B0A966002107}"
EndProject
Project("{2150E333-8FDC-42A3-9474-1A3956D46DE8}") = "02-Aplicacion", "02-Aplicacion", "{85ECC63E-F655-400C-8991-500E02E41110}"
EndProject
Project("{2150E333-8FDC-42A3-9474-1A3956D46DE8}") = "03-Servicio", "03-Servicio", "{9BDBC4E2-4940-4CCA-A169-B0DC1C9BF2D6}"
EndProject
Project("{2150E333-8FDC-42A3-9474-1A3956D46DE8}") = "04-Dominio", "04-Dominio", "{7CBFFF52-402A-426F-8124-D1C77E812582}"
EndProject
Project("{2150E333-8FDC-42A3-9474-1A3956D46DE8}") = "05-Infraestructura", "05-Infraestructura", "{D52817D2-DF7D-4117-9BDE-0F18A869F6BE}"
EndProject
Project("{9A19103F-16F7-4668-BE54-9A1E7A4F7556}") = "TW.Dominio.Base", "TW.Dominio.Base\TW.Dominio.Base.csproj", "{1AE1C160-4FA1-4A0C-9F95-D76AE2C9C672}"
EndProject
Project("{9A19103F-16F7-4668-BE54-9A1E7A4F7556}") = "TW.Dominio.Entidades", "TW.Dominio.Entidades\TW.Dominio.Entidades.csproj", "{5E8803C2-F92E-425F-B873-F695BA35A108}"
EndProject
Project("{9A19103F-16F7-4668-BE54-9A1E7A4F7556}") = "TW.Infraestructura.Context", "TW.Infraestructura.Context\TW.Infraestructura.Context.csproj", "{C6CB2361-2966-4C31-A679-030E1993E770}"
EndProject
Project("{9A19103F-16F7-4668-BE54-9A1E7A4F7556}") = "TW.Infraestructura.Repositorio", "TW.Infraestructura.Repositorio\TW.Infraestructura.Repositorio.csproj", "{91F19CA5-B6C8-49DD-8B90-CB3756BD5A27}"
EndProject
Project("{9A19103F-16F7-4668-BE54-9A1E7A4F7556}") = "TW.Aplicacion.Conexion", "TW.Aplicacion.Conexion\TW.Aplicacion.Conexion.csproj", "{DD76D761-321E-4F7E-8D07-D1042111BB34}"
EndProject
Project("{9A19103F-16F7-4668-BE54-9A1E7A4F7556}") = "TW.Repositorio", "TW.Repositorio\TW.Repositorio.csproj", "{0CA8183D-28B9-49E9-8B3C-69B4D5CB4C06}"
EndProject
Project("{9A19103F-16F7-4668-BE54-9A1E7A4F7556}") = "TW.Dominio.Repositorio", "TW.Dominio.Repositorio\TW.Dominio.Repositorio.csproj", "{4A107F88-527D-4BA8-9E99-373B0FB1EFA9}"
EndProject
Project("{9A19103F-16F7-4668-BE54-9A1E7A4F7556}") = "TW.Repositorio.Base", "TW.Repositorio.Base\TW.Repositorio.Base.csproj", "{31CFFDE1-DBB4-43F2-AC9B-4288083DF2F2}"
EndProject
Project("{9A19103F-16F7-4668-BE54-9A1E7A4F7556}") = "TW.Servicio", "TW.Servicio\TW.Servicio.csproj", "{F06AC520-EE82-4BC8-B6E4-85C458DD220F}"
EndProject
Project("{9A19103F-16F7-4668-BE54-9A1E7A4F7556}") = "TW.IServicio", "TW.IServicio\TW.IServicio.csproj", "{58F4E131-21C3-4018-8A45-45224795CB1A}"
EndProject
Project("{9A19103F-16F7-4668-BE54-9A1E7A4F7556}") = "TW.Servicio.Base", "TW.Servicio.Base\TW.Servicio.Base.csproj", "{FF7BDF7E-AEEC-42A4-B6C1-59C9E4D9ED5B}"
EndProject
Project("{2150E333-8FDC-42A3-9474-1A3956D46DE8}") = "WEB-API", "WEB-API", "{CEA41FD1-1CEA-45AA-812C-1A6C1CC6352D}"
EndProject
Project("{9A19103F-16F7-4668-BE54-9A1E7A4F7556}") = "WebApi", "WebApi\WebApi.csproj", "{99DA634D-EECF-42E3-95C8-7957265F6DDD}"
EndProject
Project("{2150E333-8FDC-42A3-9474-1A3956D46DE8}") = "Angular", "Angular", "{EC0B9085-B74C-40A5-B3AA-CEEFD756205C}"
EndProject
Project("{FAE04EC0-301F-11D3-BF4B-00C04F79EFBC}") = "Angular-Web", "Angular-Web\Angular-Web.csproj", "{9A19C1C4-D8A9-4100-82EB-050F78FC6647}"
EndProject
Global
	GlobalSection(SolutionConfigurationPlatforms) = preSolution
		Debug|Any CPU = Debug|Any CPU
		Release|Any CPU = Release|Any CPU
	EndGlobalSection
	GlobalSection(ProjectConfigurationPlatforms) = postSolution
		{1AE1C160-4FA1-4A0C-9F95-D76AE2C9C672}.Debug|Any CPU.ActiveCfg = Debug|Any CPU
		{1AE1C160-4FA1-4A0C-9F95-D76AE2C9C672}.Debug|Any CPU.Build.0 = Debug|Any CPU
		{1AE1C160-4FA1-4A0C-9F95-D76AE2C9C672}.Release|Any CPU.ActiveCfg = Release|Any CPU
		{1AE1C160-4FA1-4A0C-9F95-D76AE2C9C672}.Release|Any CPU.Build.0 = Release|Any CPU
		{5E8803C2-F92E-425F-B873-F695BA35A108}.Debug|Any CPU.ActiveCfg = Debug|Any CPU
		{5E8803C2-F92E-425F-B873-F695BA35A108}.Debug|Any CPU.Build.0 = Debug|Any CPU
		{5E8803C2-F92E-425F-B873-F695BA35A108}.Release|Any CPU.ActiveCfg = Release|Any CPU
		{5E8803C2-F92E-425F-B873-F695BA35A108}.Release|Any CPU.Build.0 = Release|Any CPU
		{C6CB2361-2966-4C31-A679-030E1993E770}.Debug|Any CPU.ActiveCfg = Debug|Any CPU
		{C6CB2361-2966-4C31-A679-030E1993E770}.Debug|Any CPU.Build.0 = Debug|Any CPU
		{C6CB2361-2966-4C31-A679-030E1993E770}.Release|Any CPU.ActiveCfg = Release|Any CPU
		{C6CB2361-2966-4C31-A679-030E1993E770}.Release|Any CPU.Build.0 = Release|Any CPU
		{91F19CA5-B6C8-49DD-8B90-CB3756BD5A27}.Debug|Any CPU.ActiveCfg = Debug|Any CPU
		{91F19CA5-B6C8-49DD-8B90-CB3756BD5A27}.Debug|Any CPU.Build.0 = Debug|Any CPU
		{91F19CA5-B6C8-49DD-8B90-CB3756BD5A27}.Release|Any CPU.ActiveCfg = Release|Any CPU
		{91F19CA5-B6C8-49DD-8B90-CB3756BD5A27}.Release|Any CPU.Build.0 = Release|Any CPU
		{DD76D761-321E-4F7E-8D07-D1042111BB34}.Debug|Any CPU.ActiveCfg = Debug|Any CPU
		{DD76D761-321E-4F7E-8D07-D1042111BB34}.Debug|Any CPU.Build.0 = Debug|Any CPU
		{DD76D761-321E-4F7E-8D07-D1042111BB34}.Release|Any CPU.ActiveCfg = Release|Any CPU
		{DD76D761-321E-4F7E-8D07-D1042111BB34}.Release|Any CPU.Build.0 = Release|Any CPU
		{0CA8183D-28B9-49E9-8B3C-69B4D5CB4C06}.Debug|Any CPU.ActiveCfg = Debug|Any CPU
		{0CA8183D-28B9-49E9-8B3C-69B4D5CB4C06}.Debug|Any CPU.Build.0 = Debug|Any CPU
		{0CA8183D-28B9-49E9-8B3C-69B4D5CB4C06}.Release|Any CPU.ActiveCfg = Release|Any CPU
		{0CA8183D-28B9-49E9-8B3C-69B4D5CB4C06}.Release|Any CPU.Build.0 = Release|Any CPU
		{4A107F88-527D-4BA8-9E99-373B0FB1EFA9}.Debug|Any CPU.ActiveCfg = Debug|Any CPU
		{4A107F88-527D-4BA8-9E99-373B0FB1EFA9}.Debug|Any CPU.Build.0 = Debug|Any CPU
		{4A107F88-527D-4BA8-9E99-373B0FB1EFA9}.Release|Any CPU.ActiveCfg = Release|Any CPU
		{4A107F88-527D-4BA8-9E99-373B0FB1EFA9}.Release|Any CPU.Build.0 = Release|Any CPU
		{31CFFDE1-DBB4-43F2-AC9B-4288083DF2F2}.Debug|Any CPU.ActiveCfg = Debug|Any CPU
		{31CFFDE1-DBB4-43F2-AC9B-4288083DF2F2}.Debug|Any CPU.Build.0 = Debug|Any CPU
		{31CFFDE1-DBB4-43F2-AC9B-4288083DF2F2}.Release|Any CPU.ActiveCfg = Release|Any CPU
		{31CFFDE1-DBB4-43F2-AC9B-4288083DF2F2}.Release|Any CPU.Build.0 = Release|Any CPU
		{F06AC520-EE82-4BC8-B6E4-85C458DD220F}.Debug|Any CPU.ActiveCfg = Debug|Any CPU
		{F06AC520-EE82-4BC8-B6E4-85C458DD220F}.Debug|Any CPU.Build.0 = Debug|Any CPU
		{F06AC520-EE82-4BC8-B6E4-85C458DD220F}.Release|Any CPU.ActiveCfg = Release|Any CPU
		{F06AC520-EE82-4BC8-B6E4-85C458DD220F}.Release|Any CPU.Build.0 = Release|Any CPU
		{58F4E131-21C3-4018-8A45-45224795CB1A}.Debug|Any CPU.ActiveCfg = Debug|Any CPU
		{58F4E131-21C3-4018-8A45-45224795CB1A}.Debug|Any CPU.Build.0 = Debug|Any CPU
		{58F4E131-21C3-4018-8A45-45224795CB1A}.Release|Any CPU.ActiveCfg = Release|Any CPU
		{58F4E131-21C3-4018-8A45-45224795CB1A}.Release|Any CPU.Build.0 = Release|Any CPU
		{FF7BDF7E-AEEC-42A4-B6C1-59C9E4D9ED5B}.Debug|Any CPU.ActiveCfg = Debug|Any CPU
		{FF7BDF7E-AEEC-42A4-B6C1-59C9E4D9ED5B}.Debug|Any CPU.Build.0 = Debug|Any CPU
		{FF7BDF7E-AEEC-42A4-B6C1-59C9E4D9ED5B}.Release|Any CPU.ActiveCfg = Release|Any CPU
		{FF7BDF7E-AEEC-42A4-B6C1-59C9E4D9ED5B}.Release|Any CPU.Build.0 = Release|Any CPU
		{99DA634D-EECF-42E3-95C8-7957265F6DDD}.Debug|Any CPU.ActiveCfg = Debug|Any CPU
		{99DA634D-EECF-42E3-95C8-7957265F6DDD}.Debug|Any CPU.Build.0 = Debug|Any CPU
		{99DA634D-EECF-42E3-95C8-7957265F6DDD}.Release|Any CPU.ActiveCfg = Release|Any CPU
		{99DA634D-EECF-42E3-95C8-7957265F6DDD}.Release|Any CPU.Build.0 = Release|Any CPU
		{9A19C1C4-D8A9-4100-82EB-050F78FC6647}.Debug|Any CPU.ActiveCfg = Debug|Any CPU
		{9A19C1C4-D8A9-4100-82EB-050F78FC6647}.Debug|Any CPU.Build.0 = Debug|Any CPU
		{9A19C1C4-D8A9-4100-82EB-050F78FC6647}.Release|Any CPU.ActiveCfg = Release|Any CPU
		{9A19C1C4-D8A9-4100-82EB-050F78FC6647}.Release|Any CPU.Build.0 = Release|Any CPU
	EndGlobalSection
	GlobalSection(SolutionProperties) = preSolution
		HideSolutionNode = FALSE
	EndGlobalSection
	GlobalSection(NestedProjects) = preSolution
		{1AE1C160-4FA1-4A0C-9F95-D76AE2C9C672} = {7CBFFF52-402A-426F-8124-D1C77E812582}
		{5E8803C2-F92E-425F-B873-F695BA35A108} = {7CBFFF52-402A-426F-8124-D1C77E812582}
		{C6CB2361-2966-4C31-A679-030E1993E770} = {D52817D2-DF7D-4117-9BDE-0F18A869F6BE}
		{91F19CA5-B6C8-49DD-8B90-CB3756BD5A27} = {D52817D2-DF7D-4117-9BDE-0F18A869F6BE}
		{DD76D761-321E-4F7E-8D07-D1042111BB34} = {85ECC63E-F655-400C-8991-500E02E41110}
		{0CA8183D-28B9-49E9-8B3C-69B4D5CB4C06} = {D52817D2-DF7D-4117-9BDE-0F18A869F6BE}
		{4A107F88-527D-4BA8-9E99-373B0FB1EFA9} = {7CBFFF52-402A-426F-8124-D1C77E812582}
		{31CFFDE1-DBB4-43F2-AC9B-4288083DF2F2} = {7CBFFF52-402A-426F-8124-D1C77E812582}
		{F06AC520-EE82-4BC8-B6E4-85C458DD220F} = {9BDBC4E2-4940-4CCA-A169-B0DC1C9BF2D6}
		{58F4E131-21C3-4018-8A45-45224795CB1A} = {9BDBC4E2-4940-4CCA-A169-B0DC1C9BF2D6}
		{FF7BDF7E-AEEC-42A4-B6C1-59C9E4D9ED5B} = {9BDBC4E2-4940-4CCA-A169-B0DC1C9BF2D6}
		{CEA41FD1-1CEA-45AA-812C-1A6C1CC6352D} = {4AB566F6-7F25-46B4-95E6-B0A966002107}
		{99DA634D-EECF-42E3-95C8-7957265F6DDD} = {CEA41FD1-1CEA-45AA-812C-1A6C1CC6352D}
		{EC0B9085-B74C-40A5-B3AA-CEEFD756205C} = {4AB566F6-7F25-46B4-95E6-B0A966002107}
		{9A19C1C4-D8A9-4100-82EB-050F78FC6647} = {EC0B9085-B74C-40A5-B3AA-CEEFD756205C}
	EndGlobalSection
	GlobalSection(ExtensibilityGlobals) = postSolution
		SolutionGuid = {CFE15D41-4697-48DC-9394-420D71342844}
	EndGlobalSection
EndGlobal
